
Microsoft Visual Studio Solution File, Format Version 12.00
# Visual Studio Version 17
VisualStudioVersion = 17.13.35931.197
MinimumVisualStudioVersion = 10.0.40219.1
Project("{FAE04EC0-301F-11D3-BF4B-00C04F79EFBC}") = "Complete C# Course 2025", "Complete C# Course 2025.csproj", "{DCECBCBE-9A17-41E1-89AD-88C6BED87270}"
EndProject
Project("{FAE04EC0-301F-11D3-BF4B-00C04F79EFBC}") = "Calculator", "Calculator\Calculator.csproj", "{F36F0102-3D64-4384-97D6-C63811BC2B9D}"
EndProject
Project("{FAE04EC0-301F-11D3-BF4B-00C04F79EFBC}") = "Coding Exercises", "..\Coding Exercises\Coding Exercises.csproj", "{C30648DF-698D-4B46-939D-01A0C2930E51}"
EndProject
Project("{FAE04EC0-301F-11D3-BF4B-00C04F79EFBC}") = "Switch Expressions", "..\Switch Expressions\Switch Expressions.csproj", "{2A43BC88-6230-45A7-A16F-CCFB37D45EA4}"
EndProject
Project("{FAE04EC0-301F-11D3-BF4B-00C04F79EFBC}") = "MultiDimentionalArrays", "..\..\MultiDimentionalArrays\MultiDimentionalArrays.csproj", "{4C0DF3B2-0E96-465A-B886-994B464EF254}"
EndProject
Project("{FAE04EC0-301F-11D3-BF4B-00C04F79EFBC}") = "Lists", "..\Lists\Lists.csproj", "{8A03B6ED-BC3B-4FBB-8910-B8017FAF8F99}"
EndProject
Project("{FAE04EC0-301F-11D3-BF4B-00C04F79EFBC}") = "Out Keyword", "..\Out Keyword\Out Keyword.csproj", "{67630D2A-6AFD-4383-812A-459C0E453F01}"
EndProject
Project("{FAE04EC0-301F-11D3-BF4B-00C04F79EFBC}") = "TryParseMethod", "..\TryParseMethod\TryParseMethod.csproj", "{CF151FA6-1858-4081-BD3C-ECFA5C667557}"
EndProject
Project("{FAE04EC0-301F-11D3-BF4B-00C04F79EFBC}") = "LearningByDoing", "..\LearningByDoing\LearningByDoing.csproj", "{A9F742E0-70C9-4EEF-80E1-1318375FBDA5}"
EndProject
Project("{FAE04EC0-301F-11D3-BF4B-00C04F79EFBC}") = "TODO List", "..\TODO List\TODO List.csproj", "{DCC109E6-4ABC-4C2B-BD57-525F91373A12}"
EndProject
Project("{FAE04EC0-301F-11D3-BF4B-00C04F79EFBC}") = "ObjectOrientedProgramming", "..\ObjectOrientedProgramming\ObjectOrientedProgramming.csproj", "{3ACB3EC9-AA52-4741-B48F-231754DBFA37}"
EndProject
Project("{FAE04EC0-301F-11D3-BF4B-00C04F79EFBC}") = "OOP_Abstraction", "..\OOP_Abstraction\OOP_Abstraction.csproj", "{0118C38A-1A92-4E84-BB90-6D3C5671D090}"
EndProject
Project("{FAE04EC0-301F-11D3-BF4B-00C04F79EFBC}") = "OOP_Encapsulation", "..\OOP_Encapsulation\OOP_Encapsulation.csproj", "{535CBFAB-3F72-4B6E-B8CF-69CA4C51DA3B}"
EndProject
Project("{FAE04EC0-301F-11D3-BF4B-00C04F79EFBC}") = "Constructor_Overloading", "..\Constructor_Overloading\Constructor_Overloading.csproj", "{3D294C6D-0949-43F8-AFF3-AA287F2B2F5D}"
EndProject
Project("{FAE04EC0-301F-11D3-BF4B-00C04F79EFBC}") = "Lambda_Expression", "..\Lambda_Expression\Lambda_Expression.csproj", "{EE7D42B1-DC19-4355-9CFE-6BB77A129F85}"
EndProject
Project("{FAE04EC0-301F-11D3-BF4B-00C04F79EFBC}") = "this_Keyword_for_Instance_of_Class", "..\this_Keyword_for_Instance_of_Class\this_Keyword_for_Instance_of_Class.csproj", "{DCAF3588-FB7A-47C2-8CE2-AC440BDF8216}"
EndProject
Project("{FAE04EC0-301F-11D3-BF4B-00C04F79EFBC}") = "Optional_Parameter", "..\Optional_Parameter\Optional_Parameter.csproj", "{07E6B25F-9039-4BC4-A560-A921451CEC3F}"
EndProject
Project("{FAE04EC0-301F-11D3-BF4B-00C04F79EFBC}") = "Validation_Of_Constructor_Parameter", "..\Validation_Of_Constructor_Parameter\Validation_Of_Constructor_Parameter.csproj", "{D670631D-CC07-4438-A8F4-580FA49567C8}"
EndProject
Project("{FAE04EC0-301F-11D3-BF4B-00C04F79EFBC}") = "ReadOnly_And_Const", "..\ReadOnly_And_Const\ReadOnly_And_Const.csproj", "{2AA5F953-2A86-4D02-B47B-0D4790A00255}"
EndProject
Project("{FAE04EC0-301F-11D3-BF4B-00C04F79EFBC}") = "Properties", "..\Properties\Properties.csproj", "{32FFAE42-701B-4456-9344-2A367E5BFA4E}"
EndProject
Project("{FAE04EC0-301F-11D3-BF4B-00C04F79EFBC}") = "ObjectInitializers", "..\ObjectInitializers\ObjectInitializers.csproj", "{681D7BA0-D275-4E2C-B7BE-290BD66FBE05}"
EndProject
Project("{FAE04EC0-301F-11D3-BF4B-00C04F79EFBC}") = "ComputedProperties", "..\ComputedProperties\ComputedProperties.csproj", "{76A7B699-1DD8-4958-B728-6880E70CD019}"
EndProject
Project("{FAE04EC0-301F-11D3-BF4B-00C04F79EFBC}") = "CSharpFundamentals", "..\CSharpFundamentals\CSharpFundamentals.csproj", "{063FA61D-43F0-42F9-9BFE-2891220E40CA}"
EndProject
Project("{FAE04EC0-301F-11D3-BF4B-00C04F79EFBC}") = "NamesBeforeRefactorToSRP", "..\NamesBeforeRefactorToSRP\NamesBeforeRefactorToSRP.csproj", "{192AFAC6-C411-4FF2-85E4-2918CBB31B5F}"
EndProject
Project("{FAE04EC0-301F-11D3-BF4B-00C04F79EFBC}") = "NamesAfterRefactorToSRP", "..\NamesAfterRefactorToSRP\NamesAfterRefactorToSRP.csproj", "{3D5DED00-1D46-4B7B-A436-E2E7AA084389}"
EndProject
Project("{FAE04EC0-301F-11D3-BF4B-00C04F79EFBC}") = "DiceRollGame", "..\DiceRollGame\DiceRollGame.csproj", "{102488CA-6CAF-4271-8BCA-6EAF565E9682}"
EndProject
Project("{FAE04EC0-301F-11D3-BF4B-00C04F79EFBC}") = "EnumsAndCasting", "..\EnumsAndCasting\EnumsAndCasting.csproj", "{D79039A4-5CF6-4A3F-AA12-3D012A393B85}"
EndProject
Project("{FAE04EC0-301F-11D3-BF4B-00C04F79EFBC}") = "ExtensionMethods", "..\ExtensionMethods\ExtensionMethods.csproj", "{3A11306E-33F3-41BF-9DFE-E60C1D0DBBEA}"
EndProject
Project("{FAE04EC0-301F-11D3-BF4B-00C04F79EFBC}") = "RefactoringDiceRollGame", "..\RefactoringDiceRollGame\RefactoringDiceRollGame.csproj", "{E35AB605-CDC0-4BA8-8D26-001D343CD310}"
EndProject
Project("{FAE04EC0-301F-11D3-BF4B-00C04F79EFBC}") = "UseCaseOfPolymorphism", "..\UseCaseOfPolymorphism\UseCaseOfPolymorphism.csproj", "{59B299BA-CD5D-4184-BCA6-EA54DFD8B566}"
EndProject
Project("{FAE04EC0-301F-11D3-BF4B-00C04F79EFBC}") = "InheritanceAndOverridingAnimalsExercise", "..\InheritanceAndOverridingAnimalsExercise\InheritanceAndOverridingAnimalsExercise.csproj", "{AA526669-D88E-404A-AD9C-8D5849604460}"
EndProject
Project("{FAE04EC0-301F-11D3-BF4B-00C04F79EFBC}") = "VirtualMethods_StringProcessor", "..\VirtualMethods_StringProcessor\VirtualMethods_StringProcessor.csproj", "{CAC60A01-F4AF-4203-B773-FCEBF68B6430}"
EndProject
Global
	GlobalSection(SolutionConfigurationPlatforms) = preSolution
		Debug|Any CPU = Debug|Any CPU
		Release|Any CPU = Release|Any CPU
	EndGlobalSection
	GlobalSection(ProjectConfigurationPlatforms) = postSolution
		{DCECBCBE-9A17-41E1-89AD-88C6BED87270}.Debug|Any CPU.ActiveCfg = Debug|Any CPU
		{DCECBCBE-9A17-41E1-89AD-88C6BED87270}.Debug|Any CPU.Build.0 = Debug|Any CPU
		{DCECBCBE-9A17-41E1-89AD-88C6BED87270}.Release|Any CPU.ActiveCfg = Release|Any CPU
		{DCECBCBE-9A17-41E1-89AD-88C6BED87270}.Release|Any CPU.Build.0 = Release|Any CPU
		{F36F0102-3D64-4384-97D6-C63811BC2B9D}.Debug|Any CPU.ActiveCfg = Debug|Any CPU
		{F36F0102-3D64-4384-97D6-C63811BC2B9D}.Debug|Any CPU.Build.0 = Debug|Any CPU
		{F36F0102-3D64-4384-97D6-C63811BC2B9D}.Release|Any CPU.ActiveCfg = Release|Any CPU
		{F36F0102-3D64-4384-97D6-C63811BC2B9D}.Release|Any CPU.Build.0 = Release|Any CPU
		{C30648DF-698D-4B46-939D-01A0C2930E51}.Debug|Any CPU.ActiveCfg = Debug|Any CPU
		{C30648DF-698D-4B46-939D-01A0C2930E51}.Debug|Any CPU.Build.0 = Debug|Any CPU
		{C30648DF-698D-4B46-939D-01A0C2930E51}.Release|Any CPU.ActiveCfg = Release|Any CPU
		{C30648DF-698D-4B46-939D-01A0C2930E51}.Release|Any CPU.Build.0 = Release|Any CPU
		{2A43BC88-6230-45A7-A16F-CCFB37D45EA4}.Debug|Any CPU.ActiveCfg = Debug|Any CPU
		{2A43BC88-6230-45A7-A16F-CCFB37D45EA4}.Debug|Any CPU.Build.0 = Debug|Any CPU
		{2A43BC88-6230-45A7-A16F-CCFB37D45EA4}.Release|Any CPU.ActiveCfg = Release|Any CPU
		{2A43BC88-6230-45A7-A16F-CCFB37D45EA4}.Release|Any CPU.Build.0 = Release|Any CPU
		{4C0DF3B2-0E96-465A-B886-994B464EF254}.Debug|Any CPU.ActiveCfg = Debug|Any CPU
		{4C0DF3B2-0E96-465A-B886-994B464EF254}.Debug|Any CPU.Build.0 = Debug|Any CPU
		{4C0DF3B2-0E96-465A-B886-994B464EF254}.Release|Any CPU.ActiveCfg = Release|Any CPU
		{4C0DF3B2-0E96-465A-B886-994B464EF254}.Release|Any CPU.Build.0 = Release|Any CPU
		{8A03B6ED-BC3B-4FBB-8910-B8017FAF8F99}.Debug|Any CPU.ActiveCfg = Debug|Any CPU
		{8A03B6ED-BC3B-4FBB-8910-B8017FAF8F99}.Debug|Any CPU.Build.0 = Debug|Any CPU
		{8A03B6ED-BC3B-4FBB-8910-B8017FAF8F99}.Release|Any CPU.ActiveCfg = Release|Any CPU
		{8A03B6ED-BC3B-4FBB-8910-B8017FAF8F99}.Release|Any CPU.Build.0 = Release|Any CPU
		{67630D2A-6AFD-4383-812A-459C0E453F01}.Debug|Any CPU.ActiveCfg = Debug|Any CPU
		{67630D2A-6AFD-4383-812A-459C0E453F01}.Debug|Any CPU.Build.0 = Debug|Any CPU
		{67630D2A-6AFD-4383-812A-459C0E453F01}.Release|Any CPU.ActiveCfg = Release|Any CPU
		{67630D2A-6AFD-4383-812A-459C0E453F01}.Release|Any CPU.Build.0 = Release|Any CPU
		{CF151FA6-1858-4081-BD3C-ECFA5C667557}.Debug|Any CPU.ActiveCfg = Debug|Any CPU
		{CF151FA6-1858-4081-BD3C-ECFA5C667557}.Debug|Any CPU.Build.0 = Debug|Any CPU
		{CF151FA6-1858-4081-BD3C-ECFA5C667557}.Release|Any CPU.ActiveCfg = Release|Any CPU
		{CF151FA6-1858-4081-BD3C-ECFA5C667557}.Release|Any CPU.Build.0 = Release|Any CPU
		{A9F742E0-70C9-4EEF-80E1-1318375FBDA5}.Debug|Any CPU.ActiveCfg = Debug|Any CPU
		{A9F742E0-70C9-4EEF-80E1-1318375FBDA5}.Debug|Any CPU.Build.0 = Debug|Any CPU
		{A9F742E0-70C9-4EEF-80E1-1318375FBDA5}.Release|Any CPU.ActiveCfg = Release|Any CPU
		{A9F742E0-70C9-4EEF-80E1-1318375FBDA5}.Release|Any CPU.Build.0 = Release|Any CPU
		{DCC109E6-4ABC-4C2B-BD57-525F91373A12}.Debug|Any CPU.ActiveCfg = Debug|Any CPU
		{DCC109E6-4ABC-4C2B-BD57-525F91373A12}.Debug|Any CPU.Build.0 = Debug|Any CPU
		{DCC109E6-4ABC-4C2B-BD57-525F91373A12}.Release|Any CPU.ActiveCfg = Release|Any CPU
		{DCC109E6-4ABC-4C2B-BD57-525F91373A12}.Release|Any CPU.Build.0 = Release|Any CPU
		{3ACB3EC9-AA52-4741-B48F-231754DBFA37}.Debug|Any CPU.ActiveCfg = Debug|Any CPU
		{3ACB3EC9-AA52-4741-B48F-231754DBFA37}.Debug|Any CPU.Build.0 = Debug|Any CPU
		{3ACB3EC9-AA52-4741-B48F-231754DBFA37}.Release|Any CPU.ActiveCfg = Release|Any CPU
		{3ACB3EC9-AA52-4741-B48F-231754DBFA37}.Release|Any CPU.Build.0 = Release|Any CPU
		{0118C38A-1A92-4E84-BB90-6D3C5671D090}.Debug|Any CPU.ActiveCfg = Debug|Any CPU
		{0118C38A-1A92-4E84-BB90-6D3C5671D090}.Debug|Any CPU.Build.0 = Debug|Any CPU
		{0118C38A-1A92-4E84-BB90-6D3C5671D090}.Release|Any CPU.ActiveCfg = Release|Any CPU
		{0118C38A-1A92-4E84-BB90-6D3C5671D090}.Release|Any CPU.Build.0 = Release|Any CPU
		{535CBFAB-3F72-4B6E-B8CF-69CA4C51DA3B}.Debug|Any CPU.ActiveCfg = Debug|Any CPU
		{535CBFAB-3F72-4B6E-B8CF-69CA4C51DA3B}.Debug|Any CPU.Build.0 = Debug|Any CPU
		{535CBFAB-3F72-4B6E-B8CF-69CA4C51DA3B}.Release|Any CPU.ActiveCfg = Release|Any CPU
		{535CBFAB-3F72-4B6E-B8CF-69CA4C51DA3B}.Release|Any CPU.Build.0 = Release|Any CPU
		{3D294C6D-0949-43F8-AFF3-AA287F2B2F5D}.Debug|Any CPU.ActiveCfg = Debug|Any CPU
		{3D294C6D-0949-43F8-AFF3-AA287F2B2F5D}.Debug|Any CPU.Build.0 = Debug|Any CPU
		{3D294C6D-0949-43F8-AFF3-AA287F2B2F5D}.Release|Any CPU.ActiveCfg = Release|Any CPU
		{3D294C6D-0949-43F8-AFF3-AA287F2B2F5D}.Release|Any CPU.Build.0 = Release|Any CPU
		{EE7D42B1-DC19-4355-9CFE-6BB77A129F85}.Debug|Any CPU.ActiveCfg = Debug|Any CPU
		{EE7D42B1-DC19-4355-9CFE-6BB77A129F85}.Debug|Any CPU.Build.0 = Debug|Any CPU
		{EE7D42B1-DC19-4355-9CFE-6BB77A129F85}.Release|Any CPU.ActiveCfg = Release|Any CPU
		{EE7D42B1-DC19-4355-9CFE-6BB77A129F85}.Release|Any CPU.Build.0 = Release|Any CPU
		{DCAF3588-FB7A-47C2-8CE2-AC440BDF8216}.Debug|Any CPU.ActiveCfg = Debug|Any CPU
		{DCAF3588-FB7A-47C2-8CE2-AC440BDF8216}.Debug|Any CPU.Build.0 = Debug|Any CPU
		{DCAF3588-FB7A-47C2-8CE2-AC440BDF8216}.Release|Any CPU.ActiveCfg = Release|Any CPU
		{DCAF3588-FB7A-47C2-8CE2-AC440BDF8216}.Release|Any CPU.Build.0 = Release|Any CPU
		{07E6B25F-9039-4BC4-A560-A921451CEC3F}.Debug|Any CPU.ActiveCfg = Debug|Any CPU
		{07E6B25F-9039-4BC4-A560-A921451CEC3F}.Debug|Any CPU.Build.0 = Debug|Any CPU
		{07E6B25F-9039-4BC4-A560-A921451CEC3F}.Release|Any CPU.ActiveCfg = Release|Any CPU
		{07E6B25F-9039-4BC4-A560-A921451CEC3F}.Release|Any CPU.Build.0 = Release|Any CPU
		{D670631D-CC07-4438-A8F4-580FA49567C8}.Debug|Any CPU.ActiveCfg = Debug|Any CPU
		{D670631D-CC07-4438-A8F4-580FA49567C8}.Debug|Any CPU.Build.0 = Debug|Any CPU
		{D670631D-CC07-4438-A8F4-580FA49567C8}.Release|Any CPU.ActiveCfg = Release|Any CPU
		{D670631D-CC07-4438-A8F4-580FA49567C8}.Release|Any CPU.Build.0 = Release|Any CPU
		{2AA5F953-2A86-4D02-B47B-0D4790A00255}.Debug|Any CPU.ActiveCfg = Debug|Any CPU
		{2AA5F953-2A86-4D02-B47B-0D4790A00255}.Debug|Any CPU.Build.0 = Debug|Any CPU
		{2AA5F953-2A86-4D02-B47B-0D4790A00255}.Release|Any CPU.ActiveCfg = Release|Any CPU
		{2AA5F953-2A86-4D02-B47B-0D4790A00255}.Release|Any CPU.Build.0 = Release|Any CPU
		{32FFAE42-701B-4456-9344-2A367E5BFA4E}.Debug|Any CPU.ActiveCfg = Debug|Any CPU
		{32FFAE42-701B-4456-9344-2A367E5BFA4E}.Debug|Any CPU.Build.0 = Debug|Any CPU
		{32FFAE42-701B-4456-9344-2A367E5BFA4E}.Release|Any CPU.ActiveCfg = Release|Any CPU
		{32FFAE42-701B-4456-9344-2A367E5BFA4E}.Release|Any CPU.Build.0 = Release|Any CPU
		{681D7BA0-D275-4E2C-B7BE-290BD66FBE05}.Debug|Any CPU.ActiveCfg = Debug|Any CPU
		{681D7BA0-D275-4E2C-B7BE-290BD66FBE05}.Debug|Any CPU.Build.0 = Debug|Any CPU
		{681D7BA0-D275-4E2C-B7BE-290BD66FBE05}.Release|Any CPU.ActiveCfg = Release|Any CPU
		{681D7BA0-D275-4E2C-B7BE-290BD66FBE05}.Release|Any CPU.Build.0 = Release|Any CPU
		{76A7B699-1DD8-4958-B728-6880E70CD019}.Debug|Any CPU.ActiveCfg = Debug|Any CPU
		{76A7B699-1DD8-4958-B728-6880E70CD019}.Debug|Any CPU.Build.0 = Debug|Any CPU
		{76A7B699-1DD8-4958-B728-6880E70CD019}.Release|Any CPU.ActiveCfg = Release|Any CPU
		{76A7B699-1DD8-4958-B728-6880E70CD019}.Release|Any CPU.Build.0 = Release|Any CPU
		{063FA61D-43F0-42F9-9BFE-2891220E40CA}.Debug|Any CPU.ActiveCfg = Debug|Any CPU
		{063FA61D-43F0-42F9-9BFE-2891220E40CA}.Debug|Any CPU.Build.0 = Debug|Any CPU
		{063FA61D-43F0-42F9-9BFE-2891220E40CA}.Release|Any CPU.ActiveCfg = Release|Any CPU
		{063FA61D-43F0-42F9-9BFE-2891220E40CA}.Release|Any CPU.Build.0 = Release|Any CPU
		{192AFAC6-C411-4FF2-85E4-2918CBB31B5F}.Debug|Any CPU.ActiveCfg = Debug|Any CPU
		{192AFAC6-C411-4FF2-85E4-2918CBB31B5F}.Debug|Any CPU.Build.0 = Debug|Any CPU
		{192AFAC6-C411-4FF2-85E4-2918CBB31B5F}.Release|Any CPU.ActiveCfg = Release|Any CPU
		{192AFAC6-C411-4FF2-85E4-2918CBB31B5F}.Release|Any CPU.Build.0 = Release|Any CPU
		{3D5DED00-1D46-4B7B-A436-E2E7AA084389}.Debug|Any CPU.ActiveCfg = Debug|Any CPU
		{3D5DED00-1D46-4B7B-A436-E2E7AA084389}.Debug|Any CPU.Build.0 = Debug|Any CPU
		{3D5DED00-1D46-4B7B-A436-E2E7AA084389}.Release|Any CPU.ActiveCfg = Release|Any CPU
		{3D5DED00-1D46-4B7B-A436-E2E7AA084389}.Release|Any CPU.Build.0 = Release|Any CPU
		{102488CA-6CAF-4271-8BCA-6EAF565E9682}.Debug|Any CPU.ActiveCfg = Debug|Any CPU
		{102488CA-6CAF-4271-8BCA-6EAF565E9682}.Debug|Any CPU.Build.0 = Debug|Any CPU
		{102488CA-6CAF-4271-8BCA-6EAF565E9682}.Release|Any CPU.ActiveCfg = Release|Any CPU
		{102488CA-6CAF-4271-8BCA-6EAF565E9682}.Release|Any CPU.Build.0 = Release|Any CPU
		{D79039A4-5CF6-4A3F-AA12-3D012A393B85}.Debug|Any CPU.ActiveCfg = Debug|Any CPU
		{D79039A4-5CF6-4A3F-AA12-3D012A393B85}.Debug|Any CPU.Build.0 = Debug|Any CPU
		{D79039A4-5CF6-4A3F-AA12-3D012A393B85}.Release|Any CPU.ActiveCfg = Release|Any CPU
		{D79039A4-5CF6-4A3F-AA12-3D012A393B85}.Release|Any CPU.Build.0 = Release|Any CPU
		{3A11306E-33F3-41BF-9DFE-E60C1D0DBBEA}.Debug|Any CPU.ActiveCfg = Debug|Any CPU
		{3A11306E-33F3-41BF-9DFE-E60C1D0DBBEA}.Debug|Any CPU.Build.0 = Debug|Any CPU
		{3A11306E-33F3-41BF-9DFE-E60C1D0DBBEA}.Release|Any CPU.ActiveCfg = Release|Any CPU
		{3A11306E-33F3-41BF-9DFE-E60C1D0DBBEA}.Release|Any CPU.Build.0 = Release|Any CPU
		{E35AB605-CDC0-4BA8-8D26-001D343CD310}.Debug|Any CPU.ActiveCfg = Debug|Any CPU
		{E35AB605-CDC0-4BA8-8D26-001D343CD310}.Debug|Any CPU.Build.0 = Debug|Any CPU
		{E35AB605-CDC0-4BA8-8D26-001D343CD310}.Release|Any CPU.ActiveCfg = Release|Any CPU
		{E35AB605-CDC0-4BA8-8D26-001D343CD310}.Release|Any CPU.Build.0 = Release|Any CPU
		{59B299BA-CD5D-4184-BCA6-EA54DFD8B566}.Debug|Any CPU.ActiveCfg = Debug|Any CPU
		{59B299BA-CD5D-4184-BCA6-EA54DFD8B566}.Debug|Any CPU.Build.0 = Debug|Any CPU
		{59B299BA-CD5D-4184-BCA6-EA54DFD8B566}.Release|Any CPU.ActiveCfg = Release|Any CPU
		{59B299BA-CD5D-4184-BCA6-EA54DFD8B566}.Release|Any CPU.Build.0 = Release|Any CPU
		{AA526669-D88E-404A-AD9C-8D5849604460}.Debug|Any CPU.ActiveCfg = Debug|Any CPU
		{AA526669-D88E-404A-AD9C-8D5849604460}.Debug|Any CPU.Build.0 = Debug|Any CPU
		{AA526669-D88E-404A-AD9C-8D5849604460}.Release|Any CPU.ActiveCfg = Release|Any CPU
		{AA526669-D88E-404A-AD9C-8D5849604460}.Release|Any CPU.Build.0 = Release|Any CPU
		{CAC60A01-F4AF-4203-B773-FCEBF68B6430}.Debug|Any CPU.ActiveCfg = Debug|Any CPU
		{CAC60A01-F4AF-4203-B773-FCEBF68B6430}.Debug|Any CPU.Build.0 = Debug|Any CPU
		{CAC60A01-F4AF-4203-B773-FCEBF68B6430}.Release|Any CPU.ActiveCfg = Release|Any CPU
		{CAC60A01-F4AF-4203-B773-FCEBF68B6430}.Release|Any CPU.Build.0 = Release|Any CPU
	EndGlobalSection
	GlobalSection(SolutionProperties) = preSolution
		HideSolutionNode = FALSE
	EndGlobalSection
	GlobalSection(ExtensibilityGlobals) = postSolution
		SolutionGuid = {885FE470-0065-44A2-886B-FD7C7C08EEE2}
	EndGlobalSection
EndGlobal
