
Microsoft Visual Studio Solution File, Format Version 12.00
# Visual Studio Version 17
VisualStudioVersion = 17.13.35931.197
MinimumVisualStudioVersion = 10.0.40219.1
Project("{FAE04EC0-301F-11D3-BF4B-00C04F79EFBC}") = "Complete C# Course 2025", "Complete C# Course 2025.csproj", "{DCECBCBE-9A17-41E1-89AD-88C6BED87270}"
EndProject
Project("{FAE04EC0-301F-11D3-BF4B-00C04F79EFBC}") = "Calculator", "Calculator\Calculator.csproj", "{F36F0102-3D64-4384-97D6-C63811BC2B9D}"
EndProject
Project("{FAE04EC0-301F-11D3-BF4B-00C04F79EFBC}") = "Coding Exercises", "..\Coding Exercises\Coding Exercises.csproj", "{C30648DF-698D-4B46-939D-01A0C2930E51}"
EndProject
Project("{FAE04EC0-301F-11D3-BF4B-00C04F79EFBC}") = "Switch Expressions", "..\Switch Expressions\Switch Expressions.csproj", "{2A43BC88-6230-45A7-A16F-CCFB37D45EA4}"
EndProject
Project("{FAE04EC0-301F-11D3-BF4B-00C04F79EFBC}") = "MultiDimentionalArrays", "..\..\MultiDimentionalArrays\MultiDimentionalArrays.csproj", "{4C0DF3B2-0E96-465A-B886-994B464EF254}"
EndProject
Project("{FAE04EC0-301F-11D3-BF4B-00C04F79EFBC}") = "Lists", "..\Lists\Lists.csproj", "{8A03B6ED-BC3B-4FBB-8910-B8017FAF8F99}"
EndProject
Project("{FAE04EC0-301F-11D3-BF4B-00C04F79EFBC}") = "Out Keyword", "..\Out Keyword\Out Keyword.csproj", "{67630D2A-6AFD-4383-812A-459C0E453F01}"
EndProject
Project("{FAE04EC0-301F-11D3-BF4B-00C04F79EFBC}") = "TryParseMethod", "..\TryParseMethod\TryParseMethod.csproj", "{CF151FA6-1858-4081-BD3C-ECFA5C667557}"
EndProject
Project("{FAE04EC0-301F-11D3-BF4B-00C04F79EFBC}") = "LearningByDoing", "..\LearningByDoing\LearningByDoing.csproj", "{A9F742E0-70C9-4EEF-80E1-1318375FBDA5}"
EndProject
Project("{FAE04EC0-301F-11D3-BF4B-00C04F79EFBC}") = "TODO List", "..\TODO List\TODO List.csproj", "{DCC109E6-4ABC-4C2B-BD57-525F91373A12}"
EndProject
Project("{FAE04EC0-301F-11D3-BF4B-00C04F79EFBC}") = "ObjectOrientedProgramming", "..\ObjectOrientedProgramming\ObjectOrientedProgramming.csproj", "{3ACB3EC9-AA52-4741-B48F-231754DBFA37}"
EndProject
Project("{FAE04EC0-301F-11D3-BF4B-00C04F79EFBC}") = "OOP_Abstraction", "..\OOP_Abstraction\OOP_Abstraction.csproj", "{0118C38A-1A92-4E84-BB90-6D3C5671D090}"
EndProject
Project("{FAE04EC0-301F-11D3-BF4B-00C04F79EFBC}") = "OOP_Encapsulation", "..\OOP_Encapsulation\OOP_Encapsulation.csproj", "{535CBFAB-3F72-4B6E-B8CF-69CA4C51DA3B}"
EndProject
Global
	GlobalSection(SolutionConfigurationPlatforms) = preSolution
		Debug|Any CPU = Debug|Any CPU
		Release|Any CPU = Release|Any CPU
	EndGlobalSection
	GlobalSection(ProjectConfigurationPlatforms) = postSolution
		{DCECBCBE-9A17-41E1-89AD-88C6BED87270}.Debug|Any CPU.ActiveCfg = Debug|Any CPU
		{DCECBCBE-9A17-41E1-89AD-88C6BED87270}.Debug|Any CPU.Build.0 = Debug|Any CPU
		{DCECBCBE-9A17-41E1-89AD-88C6BED87270}.Release|Any CPU.ActiveCfg = Release|Any CPU
		{DCECBCBE-9A17-41E1-89AD-88C6BED87270}.Release|Any CPU.Build.0 = Release|Any CPU
		{F36F0102-3D64-4384-97D6-C63811BC2B9D}.Debug|Any CPU.ActiveCfg = Debug|Any CPU
		{F36F0102-3D64-4384-97D6-C63811BC2B9D}.Debug|Any CPU.Build.0 = Debug|Any CPU
		{F36F0102-3D64-4384-97D6-C63811BC2B9D}.Release|Any CPU.ActiveCfg = Release|Any CPU
		{F36F0102-3D64-4384-97D6-C63811BC2B9D}.Release|Any CPU.Build.0 = Release|Any CPU
		{C30648DF-698D-4B46-939D-01A0C2930E51}.Debug|Any CPU.ActiveCfg = Debug|Any CPU
		{C30648DF-698D-4B46-939D-01A0C2930E51}.Debug|Any CPU.Build.0 = Debug|Any CPU
		{C30648DF-698D-4B46-939D-01A0C2930E51}.Release|Any CPU.ActiveCfg = Release|Any CPU
		{C30648DF-698D-4B46-939D-01A0C2930E51}.Release|Any CPU.Build.0 = Release|Any CPU
		{2A43BC88-6230-45A7-A16F-CCFB37D45EA4}.Debug|Any CPU.ActiveCfg = Debug|Any CPU
		{2A43BC88-6230-45A7-A16F-CCFB37D45EA4}.Debug|Any CPU.Build.0 = Debug|Any CPU
		{2A43BC88-6230-45A7-A16F-CCFB37D45EA4}.Release|Any CPU.ActiveCfg = Release|Any CPU
		{2A43BC88-6230-45A7-A16F-CCFB37D45EA4}.Release|Any CPU.Build.0 = Release|Any CPU
		{4C0DF3B2-0E96-465A-B886-994B464EF254}.Debug|Any CPU.ActiveCfg = Debug|Any CPU
		{4C0DF3B2-0E96-465A-B886-994B464EF254}.Debug|Any CPU.Build.0 = Debug|Any CPU
		{4C0DF3B2-0E96-465A-B886-994B464EF254}.Release|Any CPU.ActiveCfg = Release|Any CPU
		{4C0DF3B2-0E96-465A-B886-994B464EF254}.Release|Any CPU.Build.0 = Release|Any CPU
		{8A03B6ED-BC3B-4FBB-8910-B8017FAF8F99}.Debug|Any CPU.ActiveCfg = Debug|Any CPU
		{8A03B6ED-BC3B-4FBB-8910-B8017FAF8F99}.Debug|Any CPU.Build.0 = Debug|Any CPU
		{8A03B6ED-BC3B-4FBB-8910-B8017FAF8F99}.Release|Any CPU.ActiveCfg = Release|Any CPU
		{8A03B6ED-BC3B-4FBB-8910-B8017FAF8F99}.Release|Any CPU.Build.0 = Release|Any CPU
		{67630D2A-6AFD-4383-812A-459C0E453F01}.Debug|Any CPU.ActiveCfg = Debug|Any CPU
		{67630D2A-6AFD-4383-812A-459C0E453F01}.Debug|Any CPU.Build.0 = Debug|Any CPU
		{67630D2A-6AFD-4383-812A-459C0E453F01}.Release|Any CPU.ActiveCfg = Release|Any CPU
		{67630D2A-6AFD-4383-812A-459C0E453F01}.Release|Any CPU.Build.0 = Release|Any CPU
		{CF151FA6-1858-4081-BD3C-ECFA5C667557}.Debug|Any CPU.ActiveCfg = Debug|Any CPU
		{CF151FA6-1858-4081-BD3C-ECFA5C667557}.Debug|Any CPU.Build.0 = Debug|Any CPU
		{CF151FA6-1858-4081-BD3C-ECFA5C667557}.Release|Any CPU.ActiveCfg = Release|Any CPU
		{CF151FA6-1858-4081-BD3C-ECFA5C667557}.Release|Any CPU.Build.0 = Release|Any CPU
		{A9F742E0-70C9-4EEF-80E1-1318375FBDA5}.Debug|Any CPU.ActiveCfg = Debug|Any CPU
		{A9F742E0-70C9-4EEF-80E1-1318375FBDA5}.Debug|Any CPU.Build.0 = Debug|Any CPU
		{A9F742E0-70C9-4EEF-80E1-1318375FBDA5}.Release|Any CPU.ActiveCfg = Release|Any CPU
		{A9F742E0-70C9-4EEF-80E1-1318375FBDA5}.Release|Any CPU.Build.0 = Release|Any CPU
		{DCC109E6-4ABC-4C2B-BD57-525F91373A12}.Debug|Any CPU.ActiveCfg = Debug|Any CPU
		{DCC109E6-4ABC-4C2B-BD57-525F91373A12}.Debug|Any CPU.Build.0 = Debug|Any CPU
		{DCC109E6-4ABC-4C2B-BD57-525F91373A12}.Release|Any CPU.ActiveCfg = Release|Any CPU
		{DCC109E6-4ABC-4C2B-BD57-525F91373A12}.Release|Any CPU.Build.0 = Release|Any CPU
		{3ACB3EC9-AA52-4741-B48F-231754DBFA37}.Debug|Any CPU.ActiveCfg = Debug|Any CPU
		{3ACB3EC9-AA52-4741-B48F-231754DBFA37}.Debug|Any CPU.Build.0 = Debug|Any CPU
		{3ACB3EC9-AA52-4741-B48F-231754DBFA37}.Release|Any CPU.ActiveCfg = Release|Any CPU
		{3ACB3EC9-AA52-4741-B48F-231754DBFA37}.Release|Any CPU.Build.0 = Release|Any CPU
		{0118C38A-1A92-4E84-BB90-6D3C5671D090}.Debug|Any CPU.ActiveCfg = Debug|Any CPU
		{0118C38A-1A92-4E84-BB90-6D3C5671D090}.Debug|Any CPU.Build.0 = Debug|Any CPU
		{0118C38A-1A92-4E84-BB90-6D3C5671D090}.Release|Any CPU.ActiveCfg = Release|Any CPU
		{0118C38A-1A92-4E84-BB90-6D3C5671D090}.Release|Any CPU.Build.0 = Release|Any CPU
		{535CBFAB-3F72-4B6E-B8CF-69CA4C51DA3B}.Debug|Any CPU.ActiveCfg = Debug|Any CPU
		{535CBFAB-3F72-4B6E-B8CF-69CA4C51DA3B}.Debug|Any CPU.Build.0 = Debug|Any CPU
		{535CBFAB-3F72-4B6E-B8CF-69CA4C51DA3B}.Release|Any CPU.ActiveCfg = Release|Any CPU
		{535CBFAB-3F72-4B6E-B8CF-69CA4C51DA3B}.Release|Any CPU.Build.0 = Release|Any CPU
	EndGlobalSection
	GlobalSection(SolutionProperties) = preSolution
		HideSolutionNode = FALSE
	EndGlobalSection
	GlobalSection(ExtensibilityGlobals) = postSolution
		SolutionGuid = {885FE470-0065-44A2-886B-FD7C7C08EEE2}
	EndGlobalSection
EndGlobal
