
Microsoft Visual Studio Solution File, Format Version 12.00
# Visual Studio Version 17
VisualStudioVersion = 17.13.35931.197 d17.13
MinimumVisualStudioVersion = 10.0.40219.1
Project("{FAE04EC0-301F-11D3-BF4B-00C04F79EFBC}") = "Complete C# Course 2025", "Complete C# Course 2025.csproj", "{DCECBCBE-9A17-41E1-89AD-88C6BED87270}"
EndProject
Project("{FAE04EC0-301F-11D3-BF4B-00C04F79EFBC}") = "Calculator", "Calculator\Calculator.csproj", "{F36F0102-3D64-4384-97D6-C63811BC2B9D}"
EndProject
Project("{FAE04EC0-301F-11D3-BF4B-00C04F79EFBC}") = "Coding Exercises", "..\Coding Exercises\Coding Exercises.csproj", "{C30648DF-698D-4B46-939D-01A0C2930E51}"
EndProject
Project("{FAE04EC0-301F-11D3-BF4B-00C04F79EFBC}") = "Switch Expressions", "..\Switch Expressions\Switch Expressions.csproj", "{2A43BC88-6230-45A7-A16F-CCFB37D45EA4}"
EndProject
Global
	GlobalSection(SolutionConfigurationPlatforms) = preSolution
		Debug|Any CPU = Debug|Any CPU
		Release|Any CPU = Release|Any CPU
	EndGlobalSection
	GlobalSection(ProjectConfigurationPlatforms) = postSolution
		{DCECBCBE-9A17-41E1-89AD-88C6BED87270}.Debug|Any CPU.ActiveCfg = Debug|Any CPU
		{DCECBCBE-9A17-41E1-89AD-88C6BED87270}.Debug|Any CPU.Build.0 = Debug|Any CPU
		{DCECBCBE-9A17-41E1-89AD-88C6BED87270}.Release|Any CPU.ActiveCfg = Release|Any CPU
		{DCECBCBE-9A17-41E1-89AD-88C6BED87270}.Release|Any CPU.Build.0 = Release|Any CPU
		{F36F0102-3D64-4384-97D6-C63811BC2B9D}.Debug|Any CPU.ActiveCfg = Debug|Any CPU
		{F36F0102-3D64-4384-97D6-C63811BC2B9D}.Debug|Any CPU.Build.0 = Debug|Any CPU
		{F36F0102-3D64-4384-97D6-C63811BC2B9D}.Release|Any CPU.ActiveCfg = Release|Any CPU
		{F36F0102-3D64-4384-97D6-C63811BC2B9D}.Release|Any CPU.Build.0 = Release|Any CPU
		{C30648DF-698D-4B46-939D-01A0C2930E51}.Debug|Any CPU.ActiveCfg = Debug|Any CPU
		{C30648DF-698D-4B46-939D-01A0C2930E51}.Debug|Any CPU.Build.0 = Debug|Any CPU
		{C30648DF-698D-4B46-939D-01A0C2930E51}.Release|Any CPU.ActiveCfg = Release|Any CPU
		{C30648DF-698D-4B46-939D-01A0C2930E51}.Release|Any CPU.Build.0 = Release|Any CPU
		{2A43BC88-6230-45A7-A16F-CCFB37D45EA4}.Debug|Any CPU.ActiveCfg = Debug|Any CPU
		{2A43BC88-6230-45A7-A16F-CCFB37D45EA4}.Debug|Any CPU.Build.0 = Debug|Any CPU
		{2A43BC88-6230-45A7-A16F-CCFB37D45EA4}.Release|Any CPU.ActiveCfg = Release|Any CPU
		{2A43BC88-6230-45A7-A16F-CCFB37D45EA4}.Release|Any CPU.Build.0 = Release|Any CPU
	EndGlobalSection
	GlobalSection(SolutionProperties) = preSolution
		HideSolutionNode = FALSE
	EndGlobalSection
	GlobalSection(ExtensibilityGlobals) = postSolution
		SolutionGuid = {885FE470-0065-44A2-886B-FD7C7C08EEE2}
	EndGlobalSection
EndGlobal
